
Microsoft Visual Studio Solution File, Format Version 12.00
# Visual Studio Version 17
VisualStudioVersion = 17.14.36310.24 d17.14
MinimumVisualStudioVersion = 10.0.40219.1
Project("{FAE04EC0-301F-11D3-BF4B-00C04F79EFBC}") = "backend", "backend.csproj", "{D96A8AE5-9B7D-4265-9E90-3126BCEEFDBF}"
EndProject
Global
	GlobalSection(SolutionConfigurationPlatforms) = preSolution
		Debug|Any CPU = Debug|Any CPU
		Release|Any CPU = Release|Any CPU
	EndGlobalSection
	GlobalSection(ProjectConfigurationPlatforms) = postSolution
		{D96A8AE5-9B7D-4265-9E90-3126BCEEFDBF}.Debug|Any CPU.ActiveCfg = Debug|Any CPU
		{D96A8AE5-9B7D-4265-9E90-3126BCEEFDBF}.Debug|Any CPU.Build.0 = Debug|Any CPU
		{D96A8AE5-9B7D-4265-9E90-3126BCEEFDBF}.Release|Any CPU.ActiveCfg = Release|Any CPU
		{D96A8AE5-9B7D-4265-9E90-3126BCEEFDBF}.Release|Any CPU.Build.0 = Release|Any CPU
	EndGlobalSection
	GlobalSection(SolutionProperties) = preSolution
		HideSolutionNode = FALSE
	EndGlobalSection
	GlobalSection(ExtensibilityGlobals) = postSolution
		SolutionGuid = {05DD2C65-09A5-4903-B38F-BB0360F927DB}
	EndGlobalSection
EndGlobal
